
Microsoft Visual Studio Solution File, Format Version 11.00
# Visual Studio 2010
Project("{FAE04EC0-301F-11D3-BF4B-00C04F79EFBC}") = "RH", "RH\RH.csproj", "{F3C25AD5-CD71-446D-AAB4-E1159801D416}"
EndProject
Global
	GlobalSection(SolutionConfigurationPlatforms) = preSolution
		Debug|x86 = Debug|x86
		Release|x86 = Release|x86
	EndGlobalSection
	GlobalSection(ProjectConfigurationPlatforms) = postSolution
		{F3C25AD5-CD71-446D-AAB4-E1159801D416}.Debug|x86.ActiveCfg = Debug|x86
		{F3C25AD5-CD71-446D-AAB4-E1159801D416}.Debug|x86.Build.0 = Debug|x86
		{F3C25AD5-CD71-446D-AAB4-E1159801D416}.Release|x86.ActiveCfg = Release|x86
		{F3C25AD5-CD71-446D-AAB4-E1159801D416}.Release|x86.Build.0 = Release|x86
	EndGlobalSection
	GlobalSection(SolutionProperties) = preSolution
		HideSolutionNode = FALSE
	EndGlobalSection
EndGlobal
